
Microsoft Visual Studio Solution File, Format Version 12.00
# Visual Studio Version 17
VisualStudioVersion = 17.4.33213.308
MinimumVisualStudioVersion = 10.0.40219.1
Project("{9A19103F-16F7-4668-BE54-9A1E7A4F7556}") = "DZ_3", "DZ_LAB1\DZ_3.csproj", "{13999E92-A532-42C1-AE28-3E46C04BA6C2}"
EndProject
Global
	GlobalSection(SolutionConfigurationPlatforms) = preSolution
		Debug|Any CPU = Debug|Any CPU
		Release|Any CPU = Release|Any CPU
	EndGlobalSection
	GlobalSection(ProjectConfigurationPlatforms) = postSolution
		{13999E92-A532-42C1-AE28-3E46C04BA6C2}.Debug|Any CPU.ActiveCfg = Debug|Any CPU
		{13999E92-A532-42C1-AE28-3E46C04BA6C2}.Debug|Any CPU.Build.0 = Debug|Any CPU
		{13999E92-A532-42C1-AE28-3E46C04BA6C2}.Release|Any CPU.ActiveCfg = Release|Any CPU
		{13999E92-A532-42C1-AE28-3E46C04BA6C2}.Release|Any CPU.Build.0 = Release|Any CPU
	EndGlobalSection
	GlobalSection(SolutionProperties) = preSolution
		HideSolutionNode = FALSE
	EndGlobalSection
	GlobalSection(ExtensibilityGlobals) = postSolution
		SolutionGuid = {7FDA8FD6-09C8-4108-A6C9-41D19349AD3E}
	EndGlobalSection
EndGlobal
